{
  "name": "feedback Collection System",
  "lockfileVersion": 3,
  "requires": true,
  "packages": {
    "": {
      "dependencies": {
        "fontsource-roboto": "^4.0.0",
        "gsap": "^3.12.5"
      }
    },
    "node_modules/fontsource-roboto": {
      "version": "4.0.0",
      "resolved": "https://registry.npmjs.org/fontsource-roboto/-/fontsource-roboto-4.0.0.tgz",
      "integrity": "sha512-zD6L8nvdWRcwSgp4ojxFchG+MPj8kXXQKDEAH9bfhbxy+lkpvpC1WgAK0lCa4dwobv+hvAe0uyHaawcgH7WH/g==",
      "deprecated": "Package relocated. Please install and migrate to @fontsource/roboto."
    },
    "node_modules/gsap": {
      "version": "3.12.5",
      "resolved": "https://registry.npmjs.org/gsap/-/gsap-3.12.5.tgz",
      "integrity": "sha512-srBfnk4n+Oe/ZnMIOXt3gT605BX9x5+rh/prT2F1SsNJsU1XuMiP0E2aptW481OnonOGACZWBqseH5Z7csHxhQ=="
    }
  }
}
